
Microsoft Visual Studio Solution File, Format Version 12.00
# Visual Studio Version 17
VisualStudioVersion = 17.12.35323.107
MinimumVisualStudioVersion = 10.0.40219.1
Project("{FAE04EC0-301F-11D3-BF4B-00C04F79EFBC}") = "UrlShortener", "UrlShortener.csproj", "{D973E393-9268-4A1B-A67E-674B074BC9B7}"
EndProject
Global
	GlobalSection(SolutionConfigurationPlatforms) = preSolution
		Debug|Any CPU = Debug|Any CPU
		Release|Any CPU = Release|Any CPU
	EndGlobalSection
	GlobalSection(ProjectConfigurationPlatforms) = postSolution
		{D973E393-9268-4A1B-A67E-674B074BC9B7}.Debug|Any CPU.ActiveCfg = Debug|Any CPU
		{D973E393-9268-4A1B-A67E-674B074BC9B7}.Debug|Any CPU.Build.0 = Debug|Any CPU
		{D973E393-9268-4A1B-A67E-674B074BC9B7}.Release|Any CPU.ActiveCfg = Release|Any CPU
		{D973E393-9268-4A1B-A67E-674B074BC9B7}.Release|Any CPU.Build.0 = Release|Any CPU
	EndGlobalSection
	GlobalSection(SolutionProperties) = preSolution
		HideSolutionNode = FALSE
	EndGlobalSection
	GlobalSection(ExtensibilityGlobals) = postSolution
		SolutionGuid = {662A7828-1221-4B67-9295-CA222534CD5D}
	EndGlobalSection
EndGlobal
